// !$*UTF8*$!
{
	archiveVersion = 1;
	classes = {
	};
	objectVersion = 55;
	objects = {

/* Begin PBXBuildFile section */
		490AACFB278F281900583761 /* MarketDataModel.swift in Sources */ = {isa = PBXBuildFile; fileRef = 490AACF7278F281900583761 /* MarketDataModel.swift */; };
		490AACFC278F281900583761 /* StatisticModel.swift in Sources */ = {isa = PBXBuildFile; fileRef = 490AACF8278F281900583761 /* StatisticModel.swift */; };
		490AACFD278F281900583761 /* CoinModel.swift in Sources */ = {isa = PBXBuildFile; fileRef = 490AACF9278F281900583761 /* CoinModel.swift */; };
		490AACFE278F281900583761 /* CoinDetailModel.swift in Sources */ = {isa = PBXBuildFile; fileRef = 490AACFA278F281900583761 /* CoinDetailModel.swift */; };
		490AAD00278F2FAA00583761 /* CoinRowView.swift in Sources */ = {isa = PBXBuildFile; fileRef = 490AACFF278F2FAA00583761 /* CoinRowView.swift */; };
		490AAD02278F304A00583761 /* PreviewProvider.swift in Sources */ = {isa = PBXBuildFile; fileRef = 490AAD01278F304A00583761 /* PreviewProvider.swift */; };
		490AAD04278F307200583761 /* String.swift in Sources */ = {isa = PBXBuildFile; fileRef = 490AAD03278F307200583761 /* String.swift */; };
		490AAD06278F327F00583761 /* Double.swift in Sources */ = {isa = PBXBuildFile; fileRef = 490AAD05278F327F00583761 /* Double.swift */; };
		4911B9E5279704FC004D2542 /* NetworkingManager.swift in Sources */ = {isa = PBXBuildFile; fileRef = 4911B9E4279704FC004D2542 /* NetworkingManager.swift */; };
		4911B9E827970AD7004D2542 /* CoinImageView.swift in Sources */ = {isa = PBXBuildFile; fileRef = 4911B9E727970AD7004D2542 /* CoinImageView.swift */; };
		4911B9EA27970CE4004D2542 /* CoinImageService.swift in Sources */ = {isa = PBXBuildFile; fileRef = 4911B9E927970CE4004D2542 /* CoinImageService.swift */; };
		4911B9EC27970DF7004D2542 /* CoinImageViewModel.swift in Sources */ = {isa = PBXBuildFile; fileRef = 4911B9EB27970DF7004D2542 /* CoinImageViewModel.swift */; };
		491AEDB927AC19E900E002A7 /* PortfolioContainer.xcdatamodeld in Sources */ = {isa = PBXBuildFile; fileRef = 491AEDB727AC19E900E002A7 /* PortfolioContainer.xcdatamodeld */; };
		491AEDBB27AC1A7D00E002A7 /* PortfolioDataService.swift in Sources */ = {isa = PBXBuildFile; fileRef = 491AEDBA27AC1A7D00E002A7 /* PortfolioDataService.swift */; };
		49301E9827B4167C00890A1B /* HapticManager.swift in Sources */ = {isa = PBXBuildFile; fileRef = 49301E9727B4167C00890A1B /* HapticManager.swift */; };
		495CA46327A176800062DEB1 /* MarketDataService.swift in Sources */ = {isa = PBXBuildFile; fileRef = 495CA46227A176800062DEB1 /* MarketDataService.swift */; };
		495CA46527A180D00062DEB1 /* PortfolioView.swift in Sources */ = {isa = PBXBuildFile; fileRef = 495CA46427A180D00062DEB1 /* PortfolioView.swift */; };
		495CA46727A187DC0062DEB1 /* XMarkButton.swift in Sources */ = {isa = PBXBuildFile; fileRef = 495CA46627A187DC0062DEB1 /* XMarkButton.swift */; };
		495CA46927A189210062DEB1 /* CoinLogoView.swift in Sources */ = {isa = PBXBuildFile; fileRef = 495CA46827A189210062DEB1 /* CoinLogoView.swift */; };
		4973CB16279F808300990AEF /* StatisticView.swift in Sources */ = {isa = PBXBuildFile; fileRef = 4973CB15279F808300990AEF /* StatisticView.swift */; };
		4973CB18279F82FA00990AEF /* HomeStatsView.swift in Sources */ = {isa = PBXBuildFile; fileRef = 4973CB17279F82FA00990AEF /* HomeStatsView.swift */; };
		49AF8BE82799B5A200CECCB1 /* LocalFileManager.swift in Sources */ = {isa = PBXBuildFile; fileRef = 49AF8BE72799B5A200CECCB1 /* LocalFileManager.swift */; };
		49AF8BEA279B032200CECCB1 /* SearchBarView.swift in Sources */ = {isa = PBXBuildFile; fileRef = 49AF8BE9279B032200CECCB1 /* SearchBarView.swift */; };
		49B1B23C279B07E1007CB34F /* UIApplication.swift in Sources */ = {isa = PBXBuildFile; fileRef = 49B1B23B279B07E1007CB34F /* UIApplication.swift */; };
		49D10392278C827000E86E06 /* CryptoApp.swift in Sources */ = {isa = PBXBuildFile; fileRef = 49D10391278C827000E86E06 /* CryptoApp.swift */; };
		49D10394278C827000E86E06 /* ContentView.swift in Sources */ = {isa = PBXBuildFile; fileRef = 49D10393278C827000E86E06 /* ContentView.swift */; };
		49D10396278C827200E86E06 /* Assets.xcassets in Resources */ = {isa = PBXBuildFile; fileRef = 49D10395278C827200E86E06 /* Assets.xcassets */; };
		49D10399278C827200E86E06 /* Preview Assets.xcassets in Resources */ = {isa = PBXBuildFile; fileRef = 49D10398278C827200E86E06 /* Preview Assets.xcassets */; };
		49D103A1278C840A00E86E06 /* Color+Extension.swift in Sources */ = {isa = PBXBuildFile; fileRef = 49D103A0278C840A00E86E06 /* Color+Extension.swift */; };
		49D103A7278C860C00E86E06 /* HomeView.swift in Sources */ = {isa = PBXBuildFile; fileRef = 49D103A6278C860C00E86E06 /* HomeView.swift */; };
		49D103AB278C86DA00E86E06 /* CircleButtonView.swift in Sources */ = {isa = PBXBuildFile; fileRef = 49D103AA278C86DA00E86E06 /* CircleButtonView.swift */; };
		49D103AD278C88FE00E86E06 /* CircleButtonAnimationView.swift in Sources */ = {isa = PBXBuildFile; fileRef = 49D103AC278C88FE00E86E06 /* CircleButtonAnimationView.swift */; };
		49D5E13F27B6B2C000852B35 /* DetailView.swift in Sources */ = {isa = PBXBuildFile; fileRef = 49D5E13E27B6B2C000852B35 /* DetailView.swift */; };
		49D9D30F2791C5D800A1E08A /* HomeViewModel.swift in Sources */ = {isa = PBXBuildFile; fileRef = 49D9D30E2791C5D800A1E08A /* HomeViewModel.swift */; };
		49D9D3122791CEBF00A1E08A /* CoinDataService.swift in Sources */ = {isa = PBXBuildFile; fileRef = 49D9D3112791CEBF00A1E08A /* CoinDataService.swift */; };
/* End PBXBuildFile section */

/* Begin PBXFileReference section */
		490AACF7278F281900583761 /* MarketDataModel.swift */ = {isa = PBXFileReference; fileEncoding = 4; lastKnownFileType = sourcecode.swift; path = MarketDataModel.swift; sourceTree = "<group>"; };
		490AACF8278F281900583761 /* StatisticModel.swift */ = {isa = PBXFileReference; fileEncoding = 4; lastKnownFileType = sourcecode.swift; path = StatisticModel.swift; sourceTree = "<group>"; };
		490AACF9278F281900583761 /* CoinModel.swift */ = {isa = PBXFileReference; fileEncoding = 4; lastKnownFileType = sourcecode.swift; path = CoinModel.swift; sourceTree = "<group>"; };
		490AACFA278F281900583761 /* CoinDetailModel.swift */ = {isa = PBXFileReference; fileEncoding = 4; lastKnownFileType = sourcecode.swift; path = CoinDetailModel.swift; sourceTree = "<group>"; };
		490AACFF278F2FAA00583761 /* CoinRowView.swift */ = {isa = PBXFileReference; lastKnownFileType = sourcecode.swift; path = CoinRowView.swift; sourceTree = "<group>"; };
		490AAD01278F304A00583761 /* PreviewProvider.swift */ = {isa = PBXFileReference; fileEncoding = 4; lastKnownFileType = sourcecode.swift; path = PreviewProvider.swift; sourceTree = "<group>"; };
		490AAD03278F307200583761 /* String.swift */ = {isa = PBXFileReference; fileEncoding = 4; lastKnownFileType = sourcecode.swift; path = String.swift; sourceTree = "<group>"; };
		490AAD05278F327F00583761 /* Double.swift */ = {isa = PBXFileReference; fileEncoding = 4; lastKnownFileType = sourcecode.swift; path = Double.swift; sourceTree = "<group>"; };
		4911B9E4279704FC004D2542 /* NetworkingManager.swift */ = {isa = PBXFileReference; lastKnownFileType = sourcecode.swift; path = NetworkingManager.swift; sourceTree = "<group>"; };
		4911B9E727970AD7004D2542 /* CoinImageView.swift */ = {isa = PBXFileReference; lastKnownFileType = sourcecode.swift; path = CoinImageView.swift; sourceTree = "<group>"; };
		4911B9E927970CE4004D2542 /* CoinImageService.swift */ = {isa = PBXFileReference; lastKnownFileType = sourcecode.swift; path = CoinImageService.swift; sourceTree = "<group>"; };
		4911B9EB27970DF7004D2542 /* CoinImageViewModel.swift */ = {isa = PBXFileReference; lastKnownFileType = sourcecode.swift; path = CoinImageViewModel.swift; sourceTree = "<group>"; };
		491AEDB827AC19E900E002A7 /* PortfolioContainer.xcdatamodel */ = {isa = PBXFileReference; lastKnownFileType = wrapper.xcdatamodel; path = PortfolioContainer.xcdatamodel; sourceTree = "<group>"; };
		491AEDBA27AC1A7D00E002A7 /* PortfolioDataService.swift */ = {isa = PBXFileReference; lastKnownFileType = sourcecode.swift; path = PortfolioDataService.swift; sourceTree = "<group>"; };
		49301E9727B4167C00890A1B /* HapticManager.swift */ = {isa = PBXFileReference; lastKnownFileType = sourcecode.swift; path = HapticManager.swift; sourceTree = "<group>"; };
		495CA46227A176800062DEB1 /* MarketDataService.swift */ = {isa = PBXFileReference; lastKnownFileType = sourcecode.swift; path = MarketDataService.swift; sourceTree = "<group>"; };
		495CA46427A180D00062DEB1 /* PortfolioView.swift */ = {isa = PBXFileReference; lastKnownFileType = sourcecode.swift; path = PortfolioView.swift; sourceTree = "<group>"; };
		495CA46627A187DC0062DEB1 /* XMarkButton.swift */ = {isa = PBXFileReference; lastKnownFileType = sourcecode.swift; path = XMarkButton.swift; sourceTree = "<group>"; };
		495CA46827A189210062DEB1 /* CoinLogoView.swift */ = {isa = PBXFileReference; lastKnownFileType = sourcecode.swift; path = CoinLogoView.swift; sourceTree = "<group>"; };
		4973CB15279F808300990AEF /* StatisticView.swift */ = {isa = PBXFileReference; lastKnownFileType = sourcecode.swift; path = StatisticView.swift; sourceTree = "<group>"; };
		4973CB17279F82FA00990AEF /* HomeStatsView.swift */ = {isa = PBXFileReference; lastKnownFileType = sourcecode.swift; path = HomeStatsView.swift; sourceTree = "<group>"; };
		49AF8BE72799B5A200CECCB1 /* LocalFileManager.swift */ = {isa = PBXFileReference; lastKnownFileType = sourcecode.swift; path = LocalFileManager.swift; sourceTree = "<group>"; };
		49AF8BE9279B032200CECCB1 /* SearchBarView.swift */ = {isa = PBXFileReference; lastKnownFileType = sourcecode.swift; path = SearchBarView.swift; sourceTree = "<group>"; };
		49B1B23B279B07E1007CB34F /* UIApplication.swift */ = {isa = PBXFileReference; lastKnownFileType = sourcecode.swift; path = UIApplication.swift; sourceTree = "<group>"; };
		49D1038E278C827000E86E06 /* Crypto App.app */ = {isa = PBXFileReference; explicitFileType = wrapper.application; includeInIndex = 0; path = "Crypto App.app"; sourceTree = BUILT_PRODUCTS_DIR; };
		49D10391278C827000E86E06 /* CryptoApp.swift */ = {isa = PBXFileReference; lastKnownFileType = sourcecode.swift; path = CryptoApp.swift; sourceTree = "<group>"; };
		49D10393278C827000E86E06 /* ContentView.swift */ = {isa = PBXFileReference; lastKnownFileType = sourcecode.swift; path = ContentView.swift; sourceTree = "<group>"; };
		49D10395278C827200E86E06 /* Assets.xcassets */ = {isa = PBXFileReference; lastKnownFileType = folder.assetcatalog; path = Assets.xcassets; sourceTree = "<group>"; };
		49D10398278C827200E86E06 /* Preview Assets.xcassets */ = {isa = PBXFileReference; lastKnownFileType = folder.assetcatalog; path = "Preview Assets.xcassets"; sourceTree = "<group>"; };
		49D103A0278C840A00E86E06 /* Color+Extension.swift */ = {isa = PBXFileReference; lastKnownFileType = sourcecode.swift; path = "Color+Extension.swift"; sourceTree = "<group>"; };
		49D103A6278C860C00E86E06 /* HomeView.swift */ = {isa = PBXFileReference; lastKnownFileType = sourcecode.swift; path = HomeView.swift; sourceTree = "<group>"; };
		49D103AA278C86DA00E86E06 /* CircleButtonView.swift */ = {isa = PBXFileReference; lastKnownFileType = sourcecode.swift; path = CircleButtonView.swift; sourceTree = "<group>"; };
		49D103AC278C88FE00E86E06 /* CircleButtonAnimationView.swift */ = {isa = PBXFileReference; lastKnownFileType = sourcecode.swift; path = CircleButtonAnimationView.swift; sourceTree = "<group>"; };
		49D5E13E27B6B2C000852B35 /* DetailView.swift */ = {isa = PBXFileReference; lastKnownFileType = sourcecode.swift; path = DetailView.swift; sourceTree = "<group>"; };
		49D9D30E2791C5D800A1E08A /* HomeViewModel.swift */ = {isa = PBXFileReference; lastKnownFileType = sourcecode.swift; path = HomeViewModel.swift; sourceTree = "<group>"; };
		49D9D3112791CEBF00A1E08A /* CoinDataService.swift */ = {isa = PBXFileReference; lastKnownFileType = sourcecode.swift; path = CoinDataService.swift; sourceTree = "<group>"; };
/* End PBXFileReference section */

/* Begin PBXFrameworksBuildPhase section */
		49D1038B278C827000E86E06 /* Frameworks */ = {
			isa = PBXFrameworksBuildPhase;
			buildActionMask = 2147483647;
			files = (
			);
			runOnlyForDeploymentPostprocessing = 0;
		};
/* End PBXFrameworksBuildPhase section */

/* Begin PBXGroup section */
		490AACF4278F260100583761 /* Models */ = {
			isa = PBXGroup;
			children = (
				490AACFA278F281900583761 /* CoinDetailModel.swift */,
				490AACF9278F281900583761 /* CoinModel.swift */,
				490AACF7278F281900583761 /* MarketDataModel.swift */,
				490AACF8278F281900583761 /* StatisticModel.swift */,
				491AEDB727AC19E900E002A7 /* PortfolioContainer.xcdatamodeld */,
			);
			path = Models;
			sourceTree = "<group>";
		};
		4911B9E3279704D6004D2542 /* Utilities */ = {
			isa = PBXGroup;
			children = (
				4911B9E4279704FC004D2542 /* NetworkingManager.swift */,
				49AF8BE72799B5A200CECCB1 /* LocalFileManager.swift */,
				49301E9727B4167C00890A1B /* HapticManager.swift */,
			);
			path = Utilities;
			sourceTree = "<group>";
		};
		4911B9E627970AC9004D2542 /* CoinImage */ = {
			isa = PBXGroup;
			children = (
				4911B9E727970AD7004D2542 /* CoinImageView.swift */,
				4911B9EB27970DF7004D2542 /* CoinImageViewModel.swift */,
				495CA46827A189210062DEB1 /* CoinLogoView.swift */,
			);
			path = CoinImage;
			sourceTree = "<group>";
		};
		49D10385278C827000E86E06 = {
			isa = PBXGroup;
			children = (
				49D10390278C827000E86E06 /* Crypto App */,
				49D1038F278C827000E86E06 /* Products */,
			);
			sourceTree = "<group>";
		};
		49D1038F278C827000E86E06 /* Products */ = {
			isa = PBXGroup;
			children = (
				49D1038E278C827000E86E06 /* Crypto App.app */,
			);
			name = Products;
			sourceTree = "<group>";
		};
		49D10390278C827000E86E06 /* Crypto App */ = {
			isa = PBXGroup;
			children = (
				4911B9E3279704D6004D2542 /* Utilities */,
				49D9D3102791CE9600A1E08A /* Services */,
				490AACF4278F260100583761 /* Models */,
				49D103A2278C85E400E86E06 /* Core */,
				49D1039F278C83F800E86E06 /* Extensions */,
				49D10391278C827000E86E06 /* CryptoApp.swift */,
				49D10393278C827000E86E06 /* ContentView.swift */,
				49D10395278C827200E86E06 /* Assets.xcassets */,
				49D10397278C827200E86E06 /* Preview Content */,
			);
			path = "Crypto App";
			sourceTree = "<group>";
		};
		49D10397278C827200E86E06 /* Preview Content */ = {
			isa = PBXGroup;
			children = (
				49D10398278C827200E86E06 /* Preview Assets.xcassets */,
			);
			path = "Preview Content";
			sourceTree = "<group>";
		};
		49D1039F278C83F800E86E06 /* Extensions */ = {
			isa = PBXGroup;
			children = (
				490AAD05278F327F00583761 /* Double.swift */,
				490AAD03278F307200583761 /* String.swift */,
				490AAD01278F304A00583761 /* PreviewProvider.swift */,
				49D103A0278C840A00E86E06 /* Color+Extension.swift */,
				49B1B23B279B07E1007CB34F /* UIApplication.swift */,
			);
			path = Extensions;
			sourceTree = "<group>";
		};
		49D103A2278C85E400E86E06 /* Core */ = {
			isa = PBXGroup;
			children = (
				49D5E13B27B6B2A100852B35 /* Detail */,
				49D103A8278C86C500E86E06 /* Components */,
				49D103A3278C85ED00E86E06 /* Home */,
			);
			path = Core;
			sourceTree = "<group>";
		};
		49D103A3278C85ED00E86E06 /* Home */ = {
			isa = PBXGroup;
			children = (
				49D103A5278C860100E86E06 /* ViewModels */,
				49D103A4278C85FC00E86E06 /* Views */,
			);
			path = Home;
			sourceTree = "<group>";
		};
		49D103A4278C85FC00E86E06 /* Views */ = {
			isa = PBXGroup;
			children = (
				49D103A6278C860C00E86E06 /* HomeView.swift */,
				490AACFF278F2FAA00583761 /* CoinRowView.swift */,
				4973CB17279F82FA00990AEF /* HomeStatsView.swift */,
				495CA46427A180D00062DEB1 /* PortfolioView.swift */,
			);
			path = Views;
			sourceTree = "<group>";
		};
		49D103A5278C860100E86E06 /* ViewModels */ = {
			isa = PBXGroup;
			children = (
				49D9D30E2791C5D800A1E08A /* HomeViewModel.swift */,
			);
			path = ViewModels;
			sourceTree = "<group>";
		};
		49D103A8278C86C500E86E06 /* Components */ = {
			isa = PBXGroup;
			children = (
				4911B9E627970AC9004D2542 /* CoinImage */,
				49D103A9278C86CE00E86E06 /* CircleButton */,
				49AF8BE9279B032200CECCB1 /* SearchBarView.swift */,
				4973CB15279F808300990AEF /* StatisticView.swift */,
				495CA46627A187DC0062DEB1 /* XMarkButton.swift */,
			);
			path = Components;
			sourceTree = "<group>";
		};
		49D103A9278C86CE00E86E06 /* CircleButton */ = {
			isa = PBXGroup;
			children = (
				49D103AA278C86DA00E86E06 /* CircleButtonView.swift */,
				49D103AC278C88FE00E86E06 /* CircleButtonAnimationView.swift */,
			);
			path = CircleButton;
			sourceTree = "<group>";
		};
		49D5E13B27B6B2A100852B35 /* Detail */ = {
			isa = PBXGroup;
			children = (
				49D5E13D27B6B2B300852B35 /* Views */,
				49D5E13C27B6B2AB00852B35 /* ViewModels */,
			);
			path = Detail;
			sourceTree = "<group>";
		};
		49D5E13C27B6B2AB00852B35 /* ViewModels */ = {
			isa = PBXGroup;
			children = (
			);
			path = ViewModels;
			sourceTree = "<group>";
		};
		49D5E13D27B6B2B300852B35 /* Views */ = {
			isa = PBXGroup;
			children = (
				49D5E13E27B6B2C000852B35 /* DetailView.swift */,
			);
			path = Views;
			sourceTree = "<group>";
		};
		49D9D3102791CE9600A1E08A /* Services */ = {
			isa = PBXGroup;
			children = (
				49D9D3112791CEBF00A1E08A /* CoinDataService.swift */,
				4911B9E927970CE4004D2542 /* CoinImageService.swift */,
				495CA46227A176800062DEB1 /* MarketDataService.swift */,
				491AEDBA27AC1A7D00E002A7 /* PortfolioDataService.swift */,
			);
			path = Services;
			sourceTree = "<group>";
		};
/* End PBXGroup section */

/* Begin PBXNativeTarget section */
		49D1038D278C827000E86E06 /* Crypto App */ = {
			isa = PBXNativeTarget;
			buildConfigurationList = 49D1039C278C827200E86E06 /* Build configuration list for PBXNativeTarget "Crypto App" */;
			buildPhases = (
				49D1038A278C827000E86E06 /* Sources */,
				49D1038B278C827000E86E06 /* Frameworks */,
				49D1038C278C827000E86E06 /* Resources */,
			);
			buildRules = (
			);
			dependencies = (
			);
			name = "Crypto App";
			productName = "Crypto App";
			productReference = 49D1038E278C827000E86E06 /* Crypto App.app */;
			productType = "com.apple.product-type.application";
		};
/* End PBXNativeTarget section */

/* Begin PBXProject section */
		49D10386278C827000E86E06 /* Project object */ = {
			isa = PBXProject;
			attributes = {
				BuildIndependentTargetsInParallel = 1;
				LastSwiftUpdateCheck = 1320;
				LastUpgradeCheck = 1320;
				TargetAttributes = {
					49D1038D278C827000E86E06 = {
						CreatedOnToolsVersion = 13.2.1;
					};
				};
			};
			buildConfigurationList = 49D10389278C827000E86E06 /* Build configuration list for PBXProject "Crypto App" */;
			compatibilityVersion = "Xcode 13.0";
			developmentRegion = en;
			hasScannedForEncodings = 0;
			knownRegions = (
				en,
				Base,
			);
			mainGroup = 49D10385278C827000E86E06;
			productRefGroup = 49D1038F278C827000E86E06 /* Products */;
			projectDirPath = "";
			projectRoot = "";
			targets = (
				49D1038D278C827000E86E06 /* Crypto App */,
			);
		};
/* End PBXProject section */

/* Begin PBXResourcesBuildPhase section */
		49D1038C278C827000E86E06 /* Resources */ = {
			isa = PBXResourcesBuildPhase;
			buildActionMask = 2147483647;
			files = (
				49D10399278C827200E86E06 /* Preview Assets.xcassets in Resources */,
				49D10396278C827200E86E06 /* Assets.xcassets in Resources */,
			);
			runOnlyForDeploymentPostprocessing = 0;
		};
/* End PBXResourcesBuildPhase section */

/* Begin PBXSourcesBuildPhase section */
		49D1038A278C827000E86E06 /* Sources */ = {
			isa = PBXSourcesBuildPhase;
			buildActionMask = 2147483647;
			files = (
				49B1B23C279B07E1007CB34F /* UIApplication.swift in Sources */,
				4973CB16279F808300990AEF /* StatisticView.swift in Sources */,
				49301E9827B4167C00890A1B /* HapticManager.swift in Sources */,
				490AACFC278F281900583761 /* StatisticModel.swift in Sources */,
				495CA46727A187DC0062DEB1 /* XMarkButton.swift in Sources */,
				490AAD04278F307200583761 /* String.swift in Sources */,
				4973CB18279F82FA00990AEF /* HomeStatsView.swift in Sources */,
				490AAD02278F304A00583761 /* PreviewProvider.swift in Sources */,
				490AAD00278F2FAA00583761 /* CoinRowView.swift in Sources */,
				491AEDBB27AC1A7D00E002A7 /* PortfolioDataService.swift in Sources */,
				491AEDB927AC19E900E002A7 /* PortfolioContainer.xcdatamodeld in Sources */,
				495CA46527A180D00062DEB1 /* PortfolioView.swift in Sources */,
				49D9D3122791CEBF00A1E08A /* CoinDataService.swift in Sources */,
				4911B9E827970AD7004D2542 /* CoinImageView.swift in Sources */,
				490AACFB278F281900583761 /* MarketDataModel.swift in Sources */,
				49D10394278C827000E86E06 /* ContentView.swift in Sources */,
				49D5E13F27B6B2C000852B35 /* DetailView.swift in Sources */,
				490AAD06278F327F00583761 /* Double.swift in Sources */,
				49D103A7278C860C00E86E06 /* HomeView.swift in Sources */,
				495CA46327A176800062DEB1 /* MarketDataService.swift in Sources */,
				49D103A1278C840A00E86E06 /* Color+Extension.swift in Sources */,
				49D103AB278C86DA00E86E06 /* CircleButtonView.swift in Sources */,
				4911B9EA27970CE4004D2542 /* CoinImageService.swift in Sources */,
				4911B9E5279704FC004D2542 /* NetworkingManager.swift in Sources */,
				49D10392278C827000E86E06 /* CryptoApp.swift in Sources */,
				495CA46927A189210062DEB1 /* CoinLogoView.swift in Sources */,
				4911B9EC27970DF7004D2542 /* CoinImageViewModel.swift in Sources */,
				490AACFD278F281900583761 /* CoinModel.swift in Sources */,
				49D103AD278C88FE00E86E06 /* CircleButtonAnimationView.swift in Sources */,
				49AF8BEA279B032200CECCB1 /* SearchBarView.swift in Sources */,
				49D9D30F2791C5D800A1E08A /* HomeViewModel.swift in Sources */,
				490AACFE278F281900583761 /* CoinDetailModel.swift in Sources */,
				49AF8BE82799B5A200CECCB1 /* LocalFileManager.swift in Sources */,
			);
			runOnlyForDeploymentPostprocessing = 0;
		};
/* End PBXSourcesBuildPhase section */

/* Begin XCBuildConfiguration section */
		49D1039A278C827200E86E06 /* Debug */ = {
			isa = XCBuildConfiguration;
			buildSettings = {
				ALWAYS_SEARCH_USER_PATHS = NO;
				CLANG_ANALYZER_NONNULL = YES;
				CLANG_ANALYZER_NUMBER_OBJECT_CONVERSION = YES_AGGRESSIVE;
				CLANG_CXX_LANGUAGE_STANDARD = "gnu++17";
				CLANG_CXX_LIBRARY = "libc++";
				CLANG_ENABLE_MODULES = YES;
				CLANG_ENABLE_OBJC_ARC = YES;
				CLANG_ENABLE_OBJC_WEAK = YES;
				CLANG_WARN_BLOCK_CAPTURE_AUTORELEASING = YES;
				CLANG_WARN_BOOL_CONVERSION = YES;
				CLANG_WARN_COMMA = YES;
				CLANG_WARN_CONSTANT_CONVERSION = YES;
				CLANG_WARN_DEPRECATED_OBJC_IMPLEMENTATIONS = YES;
				CLANG_WARN_DIRECT_OBJC_ISA_USAGE = YES_ERROR;
				CLANG_WARN_DOCUMENTATION_COMMENTS = YES;
				CLANG_WARN_EMPTY_BODY = YES;
				CLANG_WARN_ENUM_CONVERSION = YES;
				CLANG_WARN_INFINITE_RECURSION = YES;
				CLANG_WARN_INT_CONVERSION = YES;
				CLANG_WARN_NON_LITERAL_NULL_CONVERSION = YES;
				CLANG_WARN_OBJC_IMPLICIT_RETAIN_SELF = YES;
				CLANG_WARN_OBJC_LITERAL_CONVERSION = YES;
				CLANG_WARN_OBJC_ROOT_CLASS = YES_ERROR;
				CLANG_WARN_QUOTED_INCLUDE_IN_FRAMEWORK_HEADER = YES;
				CLANG_WARN_RANGE_LOOP_ANALYSIS = YES;
				CLANG_WARN_STRICT_PROTOTYPES = YES;
				CLANG_WARN_SUSPICIOUS_MOVE = YES;
				CLANG_WARN_UNGUARDED_AVAILABILITY = YES_AGGRESSIVE;
				CLANG_WARN_UNREACHABLE_CODE = YES;
				CLANG_WARN__DUPLICATE_METHOD_MATCH = YES;
				COPY_PHASE_STRIP = NO;
				DEBUG_INFORMATION_FORMAT = dwarf;
				ENABLE_STRICT_OBJC_MSGSEND = YES;
				ENABLE_TESTABILITY = YES;
				GCC_C_LANGUAGE_STANDARD = gnu11;
				GCC_DYNAMIC_NO_PIC = NO;
				GCC_NO_COMMON_BLOCKS = YES;
				GCC_OPTIMIZATION_LEVEL = 0;
				GCC_PREPROCESSOR_DEFINITIONS = (
					"DEBUG=1",
					"$(inherited)",
				);
				GCC_WARN_64_TO_32_BIT_CONVERSION = YES;
				GCC_WARN_ABOUT_RETURN_TYPE = YES_ERROR;
				GCC_WARN_UNDECLARED_SELECTOR = YES;
				GCC_WARN_UNINITIALIZED_AUTOS = YES_AGGRESSIVE;
				GCC_WARN_UNUSED_FUNCTION = YES;
				GCC_WARN_UNUSED_VARIABLE = YES;
				IPHONEOS_DEPLOYMENT_TARGET = 15.2;
				MTL_ENABLE_DEBUG_INFO = INCLUDE_SOURCE;
				MTL_FAST_MATH = YES;
				ONLY_ACTIVE_ARCH = YES;
				SDKROOT = iphoneos;
				SWIFT_ACTIVE_COMPILATION_CONDITIONS = DEBUG;
				SWIFT_OPTIMIZATION_LEVEL = "-Onone";
			};
			name = Debug;
		};
		49D1039B278C827200E86E06 /* Release */ = {
			isa = XCBuildConfiguration;
			buildSettings = {
				ALWAYS_SEARCH_USER_PATHS = NO;
				CLANG_ANALYZER_NONNULL = YES;
				CLANG_ANALYZER_NUMBER_OBJECT_CONVERSION = YES_AGGRESSIVE;
				CLANG_CXX_LANGUAGE_STANDARD = "gnu++17";
				CLANG_CXX_LIBRARY = "libc++";
				CLANG_ENABLE_MODULES = YES;
				CLANG_ENABLE_OBJC_ARC = YES;
				CLANG_ENABLE_OBJC_WEAK = YES;
				CLANG_WARN_BLOCK_CAPTURE_AUTORELEASING = YES;
				CLANG_WARN_BOOL_CONVERSION = YES;
				CLANG_WARN_COMMA = YES;
				CLANG_WARN_CONSTANT_CONVERSION = YES;
				CLANG_WARN_DEPRECATED_OBJC_IMPLEMENTATIONS = YES;
				CLANG_WARN_DIRECT_OBJC_ISA_USAGE = YES_ERROR;
				CLANG_WARN_DOCUMENTATION_COMMENTS = YES;
				CLANG_WARN_EMPTY_BODY = YES;
				CLANG_WARN_ENUM_CONVERSION = YES;
				CLANG_WARN_INFINITE_RECURSION = YES;
				CLANG_WARN_INT_CONVERSION = YES;
				CLANG_WARN_NON_LITERAL_NULL_CONVERSION = YES;
				CLANG_WARN_OBJC_IMPLICIT_RETAIN_SELF = YES;
				CLANG_WARN_OBJC_LITERAL_CONVERSION = YES;
				CLANG_WARN_OBJC_ROOT_CLASS = YES_ERROR;
				CLANG_WARN_QUOTED_INCLUDE_IN_FRAMEWORK_HEADER = YES;
				CLANG_WARN_RANGE_LOOP_ANALYSIS = YES;
				CLANG_WARN_STRICT_PROTOTYPES = YES;
				CLANG_WARN_SUSPICIOUS_MOVE = YES;
				CLANG_WARN_UNGUARDED_AVAILABILITY = YES_AGGRESSIVE;
				CLANG_WARN_UNREACHABLE_CODE = YES;
				CLANG_WARN__DUPLICATE_METHOD_MATCH = YES;
				COPY_PHASE_STRIP = NO;
				DEBUG_INFORMATION_FORMAT = "dwarf-with-dsym";
				ENABLE_NS_ASSERTIONS = NO;
				ENABLE_STRICT_OBJC_MSGSEND = YES;
				GCC_C_LANGUAGE_STANDARD = gnu11;
				GCC_NO_COMMON_BLOCKS = YES;
				GCC_WARN_64_TO_32_BIT_CONVERSION = YES;
				GCC_WARN_ABOUT_RETURN_TYPE = YES_ERROR;
				GCC_WARN_UNDECLARED_SELECTOR = YES;
				GCC_WARN_UNINITIALIZED_AUTOS = YES_AGGRESSIVE;
				GCC_WARN_UNUSED_FUNCTION = YES;
				GCC_WARN_UNUSED_VARIABLE = YES;
				IPHONEOS_DEPLOYMENT_TARGET = 15.2;
				MTL_ENABLE_DEBUG_INFO = NO;
				MTL_FAST_MATH = YES;
				SDKROOT = iphoneos;
				SWIFT_COMPILATION_MODE = wholemodule;
				SWIFT_OPTIMIZATION_LEVEL = "-O";
				VALIDATE_PRODUCT = YES;
			};
			name = Release;
		};
		49D1039D278C827200E86E06 /* Debug */ = {
			isa = XCBuildConfiguration;
			buildSettings = {
				ASSETCATALOG_COMPILER_APPICON_NAME = AppIcon;
				ASSETCATALOG_COMPILER_GLOBAL_ACCENT_COLOR_NAME = AccentColor;
				CODE_SIGN_STYLE = Automatic;
				CURRENT_PROJECT_VERSION = 1;
				DEVELOPMENT_ASSET_PATHS = "\"Crypto App/Preview Content\"";
				DEVELOPMENT_TEAM = 3GTE9X3BX2;
				ENABLE_PREVIEWS = YES;
				GENERATE_INFOPLIST_FILE = YES;
				INFOPLIST_KEY_UIApplicationSceneManifest_Generation = YES;
				INFOPLIST_KEY_UIApplicationSupportsIndirectInputEvents = YES;
				INFOPLIST_KEY_UILaunchScreen_Generation = YES;
				INFOPLIST_KEY_UISupportedInterfaceOrientations_iPad = "UIInterfaceOrientationPortrait UIInterfaceOrientationPortraitUpsideDown UIInterfaceOrientationLandscapeLeft UIInterfaceOrientationLandscapeRight";
				INFOPLIST_KEY_UISupportedInterfaceOrientations_iPhone = "UIInterfaceOrientationPortrait UIInterfaceOrientationLandscapeLeft UIInterfaceOrientationLandscapeRight";
				IPHONEOS_DEPLOYMENT_TARGET = 15.2;
				LD_RUNPATH_SEARCH_PATHS = (
					"$(inherited)",
					"@executable_path/Frameworks",
				);
				MARKETING_VERSION = 1.0;
				PRODUCT_BUNDLE_IDENTIFIER = "dev.simran.apps.Crypto-App";
				PRODUCT_NAME = "$(TARGET_NAME)";
				SWIFT_EMIT_LOC_STRINGS = YES;
				SWIFT_VERSION = 5.0;
				TARGETED_DEVICE_FAMILY = "1,2";
			};
			name = Debug;
		};
		49D1039E278C827200E86E06 /* Release */ = {
			isa = XCBuildConfiguration;
			buildSettings = {
				ASSETCATALOG_COMPILER_APPICON_NAME = AppIcon;
				ASSETCATALOG_COMPILER_GLOBAL_ACCENT_COLOR_NAME = AccentColor;
				CODE_SIGN_STYLE = Automatic;
				CURRENT_PROJECT_VERSION = 1;
				DEVELOPMENT_ASSET_PATHS = "\"Crypto App/Preview Content\"";
				DEVELOPMENT_TEAM = 3GTE9X3BX2;
				ENABLE_PREVIEWS = YES;
				GENERATE_INFOPLIST_FILE = YES;
				INFOPLIST_KEY_UIApplicationSceneManifest_Generation = YES;
				INFOPLIST_KEY_UIApplicationSupportsIndirectInputEvents = YES;
				INFOPLIST_KEY_UILaunchScreen_Generation = YES;
				INFOPLIST_KEY_UISupportedInterfaceOrientations_iPad = "UIInterfaceOrientationPortrait UIInterfaceOrientationPortraitUpsideDown UIInterfaceOrientationLandscapeLeft UIInterfaceOrientationLandscapeRight";
				INFOPLIST_KEY_UISupportedInterfaceOrientations_iPhone = "UIInterfaceOrientationPortrait UIInterfaceOrientationLandscapeLeft UIInterfaceOrientationLandscapeRight";
				IPHONEOS_DEPLOYMENT_TARGET = 15.2;
				LD_RUNPATH_SEARCH_PATHS = (
					"$(inherited)",
					"@executable_path/Frameworks",
				);
				MARKETING_VERSION = 1.0;
				PRODUCT_BUNDLE_IDENTIFIER = "dev.simran.apps.Crypto-App";
				PRODUCT_NAME = "$(TARGET_NAME)";
				SWIFT_EMIT_LOC_STRINGS = YES;
				SWIFT_VERSION = 5.0;
				TARGETED_DEVICE_FAMILY = "1,2";
			};
			name = Release;
		};
/* End XCBuildConfiguration section */

/* Begin XCConfigurationList section */
		49D10389278C827000E86E06 /* Build configuration list for PBXProject "Crypto App" */ = {
			isa = XCConfigurationList;
			buildConfigurations = (
				49D1039A278C827200E86E06 /* Debug */,
				49D1039B278C827200E86E06 /* Release */,
			);
			defaultConfigurationIsVisible = 0;
			defaultConfigurationName = Release;
		};
		49D1039C278C827200E86E06 /* Build configuration list for PBXNativeTarget "Crypto App" */ = {
			isa = XCConfigurationList;
			buildConfigurations = (
				49D1039D278C827200E86E06 /* Debug */,
				49D1039E278C827200E86E06 /* Release */,
			);
			defaultConfigurationIsVisible = 0;
			defaultConfigurationName = Release;
		};
/* End XCConfigurationList section */

/* Begin XCVersionGroup section */
		491AEDB727AC19E900E002A7 /* PortfolioContainer.xcdatamodeld */ = {
			isa = XCVersionGroup;
			children = (
				491AEDB827AC19E900E002A7 /* PortfolioContainer.xcdatamodel */,
			);
			currentVersion = 491AEDB827AC19E900E002A7 /* PortfolioContainer.xcdatamodel */;
			path = PortfolioContainer.xcdatamodeld;
			sourceTree = "<group>";
			versionGroupType = wrapper.xcdatamodel;
		};
/* End XCVersionGroup section */
	};
	rootObject = 49D10386278C827000E86E06 /* Project object */;
}
